<?xml version="1.0" encoding="utf-8"?>
<Project ToolsVersion="4.0" xmlns="http://schemas.microsoft.com/developer/msbuild/2003">
  <ItemGroup>
    <Filter Include="Header Files">
      <UniqueIdentifier>{93995380-89BD-4b04-88EB-625FBE52EBFB}</UniqueIdentifier>
      <Extensions>h;hpp;hxx;hm;inl;inc;xsd</Extensions>
    </Filter>
    <Filter Include="Header Files">
      <UniqueIdentifier>{93995380-89BD-4b04-88EB-625FBE52EBFB}</UniqueIdentifier>
      <Extensions>h;hpp;hxx;hm;inl;inc;xsd</Extensions>
    </Filter>
    <Filter Include="Source Files">
      <UniqueIdentifier>{4FC737F1-C7A5-4376-A066-2A32D752A2FF}</UniqueIdentifier>
      <Extensions>cpp;c;cxx;def;odl;idl;hpj;bat;asm;asmx</Extensions>
    </Filter>
    <Filter Include="Source Files">
      <UniqueIdentifier>{4FC737F1-C7A5-4376-A066-2A32D752A2FF}</UniqueIdentifier>
      <Extensions>cpp;c;cxx;def;odl;idl;hpj;bat;asm;asmx</Extensions>
    </Filter>
  </ItemGroup>
  <ItemGroup>
    <ClCompile Include="src\animation.cpp">
      <Filter>Source Files</Filter>
    </ClCompile>
    <ClCompile Include="src\auxTypes.cpp">
      <Filter>Source Files</Filter>
    </ClCompile>
    <ClCompile Include="src\collisions.cpp">
      <Filter>Source Files</Filter>
    </ClCompile>
    <ClCompile Include="src\constraint.cpp">
      <Filter>Source Files</Filter>
    </ClCompile>
    <ClCompile Include="src\constraintFunctions.cpp">
      <Filter>Source Files</Filter>
    </ClCompile>
    <ClCompile Include="src\demos.cpp">
      <Filter>Source Files</Filter>
    </ClCompile>
    <ClCompile Include="src\main.cpp">
      <Filter>Source Files</Filter>
    </ClCompile>
    <ClCompile Include="src\malla.cpp">
      <Filter>Source Files</Filter>
    </ClCompile>
    <ClCompile Include="src\matriz.cpp">
      <Filter>Source Files</Filter>
    </ClCompile>
    <ClCompile Include="src\numericCalculations.cpp">
      <Filter>Source Files</Filter>
    </ClCompile>
    <ClCompile Include="src\solver.cpp">
      <Filter>Source Files</Filter>
    </ClCompile>
    <ClCompile Include="src\spaceHash.cpp">
      <Filter>Source Files</Filter>
    </ClCompile>
    <ClCompile Include="src\vertex.cpp">
      <Filter>Source Files</Filter>
    </ClCompile>
    <ClCompile Include="src\world.cpp">
      <Filter>Source Files</Filter>
    </ClCompile>
  </ItemGroup>
  <ItemGroup>
    <ClInclude Include="include\animation.h">
      <Filter>Header Files</Filter>
    </ClInclude>
    <ClInclude Include="include\auxTypes.h">
      <Filter>Header Files</Filter>
    </ClInclude>
    <ClInclude Include="include\collisions.h">
      <Filter>Header Files</Filter>
    </ClInclude>
    <ClInclude Include="include\constraint.h">
      <Filter>Header Files</Filter>
    </ClInclude>
    <ClInclude Include="include\constraintFunctions.h">
      <Filter>Header Files</Filter>
    </ClInclude>
    <ClInclude Include="include\dampFunctions.h">
      <Filter>Header Files</Filter>
    </ClInclude>
    <ClInclude Include="include\demos.h">
      <Filter>Header Files</Filter>
    </ClInclude>
    <ClInclude Include="include\externalForces.h">
      <Filter>Header Files</Filter>
    </ClInclude>
    <ClInclude Include="include\malla.h">
      <Filter>Header Files</Filter>
    </ClInclude>
    <ClInclude Include="include\matriz.h">
      <Filter>Header Files</Filter>
    </ClInclude>
    <ClInclude Include="include\numericCalculations.h">
      <Filter>Header Files</Filter>
    </ClInclude>
    <ClInclude Include="include\solver.h">
      <Filter>Header Files</Filter>
    </ClInclude>
    <ClInclude Include="include\spaceHash.h">
      <Filter>Header Files</Filter>
    </ClInclude>
    <ClInclude Include="include\tejidos.h">
      <Filter>Header Files</Filter>
    </ClInclude>
    <ClInclude Include="include\vertex.h">
      <Filter>Header Files</Filter>
    </ClInclude>
    <ClInclude Include="include\world.h">
      <Filter>Header Files</Filter>
    </ClInclude>
  </ItemGroup>
</Project>